
Microsoft Visual Studio Solution File, Format Version 12.00
Project("{FAE04EC0-301F-11D3-BF4B-00C04F79EFBC}") = "TransactionIsolationExpts", "TransactionIsolationExpts\TransactionIsolationExpts.csproj", "{A53B1BB6-815F-40CB-A154-B6C4675B8517}"
EndProject
Global
	GlobalSection(SolutionConfigurationPlatforms) = preSolution
		Debug|Any CPU = Debug|Any CPU
		Release|Any CPU = Release|Any CPU
	EndGlobalSection
	GlobalSection(ProjectConfigurationPlatforms) = postSolution
		{A53B1BB6-815F-40CB-A154-B6C4675B8517}.Debug|Any CPU.ActiveCfg = Debug|Any CPU
		{A53B1BB6-815F-40CB-A154-B6C4675B8517}.Debug|Any CPU.Build.0 = Debug|Any CPU
		{A53B1BB6-815F-40CB-A154-B6C4675B8517}.Release|Any CPU.ActiveCfg = Release|Any CPU
		{A53B1BB6-815F-40CB-A154-B6C4675B8517}.Release|Any CPU.Build.0 = Release|Any CPU
	EndGlobalSection
EndGlobal
